
Microsoft Visual Studio Solution File, Format Version 12.00
# Visual Studio Version 16
VisualStudioVersion = 16.0.30907.101
MinimumVisualStudioVersion = 10.0.40219.1
Project("{FAE04EC0-301F-11D3-BF4B-00C04F79EFBC}") = "BlogsSort", "BlogsSort\BlogsSort.csproj", "{139DCFAE-50A3-4FB3-B686-E29FBDCC9316}"
EndProject
Project("{FAE04EC0-301F-11D3-BF4B-00C04F79EFBC}") = "XUnitTestProject1", "XUnitTestProject1\XUnitTestProject1.csproj", "{AA47F530-9311-4211-A6CF-5B812F9648B8}"
EndProject
Global
	GlobalSection(SolutionConfigurationPlatforms) = preSolution
		Debug|Any CPU = Debug|Any CPU
		Release|Any CPU = Release|Any CPU
	EndGlobalSection
	GlobalSection(ProjectConfigurationPlatforms) = postSolution
		{139DCFAE-50A3-4FB3-B686-E29FBDCC9316}.Debug|Any CPU.ActiveCfg = Debug|Any CPU
		{139DCFAE-50A3-4FB3-B686-E29FBDCC9316}.Debug|Any CPU.Build.0 = Debug|Any CPU
		{139DCFAE-50A3-4FB3-B686-E29FBDCC9316}.Release|Any CPU.ActiveCfg = Release|Any CPU
		{139DCFAE-50A3-4FB3-B686-E29FBDCC9316}.Release|Any CPU.Build.0 = Release|Any CPU
		{AA47F530-9311-4211-A6CF-5B812F9648B8}.Debug|Any CPU.ActiveCfg = Debug|Any CPU
		{AA47F530-9311-4211-A6CF-5B812F9648B8}.Debug|Any CPU.Build.0 = Debug|Any CPU
		{AA47F530-9311-4211-A6CF-5B812F9648B8}.Release|Any CPU.ActiveCfg = Release|Any CPU
		{AA47F530-9311-4211-A6CF-5B812F9648B8}.Release|Any CPU.Build.0 = Release|Any CPU
	EndGlobalSection
	GlobalSection(SolutionProperties) = preSolution
		HideSolutionNode = FALSE
	EndGlobalSection
	GlobalSection(ExtensibilityGlobals) = postSolution
		SolutionGuid = {5027A743-6E5E-475B-BAAE-A1074147790F}
	EndGlobalSection
EndGlobal
